
Microsoft Visual Studio Solution File, Format Version 12.00
# Visual Studio Version 17
VisualStudioVersion = 17.8.34408.163
MinimumVisualStudioVersion = 10.0.40219.1
Project("{FAE04EC0-301F-11D3-BF4B-00C04F79EFBC}") = "WebApplication23", "WebApplication23.csproj", "{CDCC93C3-7739-4AC8-B28B-544E037AEC3E}"
EndProject
Global
	GlobalSection(SolutionConfigurationPlatforms) = preSolution
		Debug|Any CPU = Debug|Any CPU
		Release|Any CPU = Release|Any CPU
	EndGlobalSection
	GlobalSection(ProjectConfigurationPlatforms) = postSolution
		{CDCC93C3-7739-4AC8-B28B-544E037AEC3E}.Debug|Any CPU.ActiveCfg = Debug|Any CPU
		{CDCC93C3-7739-4AC8-B28B-544E037AEC3E}.Debug|Any CPU.Build.0 = Debug|Any CPU
		{CDCC93C3-7739-4AC8-B28B-544E037AEC3E}.Release|Any CPU.ActiveCfg = Release|Any CPU
		{CDCC93C3-7739-4AC8-B28B-544E037AEC3E}.Release|Any CPU.Build.0 = Release|Any CPU
	EndGlobalSection
	GlobalSection(SolutionProperties) = preSolution
		HideSolutionNode = FALSE
	EndGlobalSection
	GlobalSection(ExtensibilityGlobals) = postSolution
		SolutionGuid = {3651EE17-42A3-4D2E-AB4D-288FA252EFF0}
	EndGlobalSection
EndGlobal
